<?xml version="1.0" encoding="utf-8"?>
<Project ToolsVersion="4.0" xmlns="http://schemas.microsoft.com/developer/msbuild/2003">
  <ItemGroup>
    <Filter Include="Source Files">
      <UniqueIdentifier>{4FC737F1-C7A5-4376-A066-2A32D752A2FF}</UniqueIdentifier>
      <Extensions>cpp;c;cc;cxx;def;odl;idl;hpj;bat;asm;asmx</Extensions>
    </Filter>
    <Filter Include="Header Files">
      <UniqueIdentifier>{93995380-89BD-4b04-88EB-625FBE52EBFB}</UniqueIdentifier>
      <Extensions>h;hh;hpp;hxx;hm;inl;inc;ipp;xsd</Extensions>
    </Filter>
    <Filter Include="Resource Files">
      <UniqueIdentifier>{67DA6AB6-F800-4c08-8B7A-83BB121AAD01}</UniqueIdentifier>
      <Extensions>rc;ico;cur;bmp;dlg;rc2;rct;bin;rgs;gif;jpg;jpeg;jpe;resx;tiff;tif;png;wav;mfcribbon-ms</Extensions>
    </Filter>
    <Filter Include="Header Files\components">
      <UniqueIdentifier>{1f2e6623-f1a8-406f-9473-bd7bb0b04c4b}</UniqueIdentifier>
    </Filter>
    <Filter Include="Header Files\components\gfx">
      <UniqueIdentifier>{e71e468e-a7cb-4f42-b991-f02f5dab16de}</UniqueIdentifier>
    </Filter>
    <Filter Include="Header Files\os">
      <UniqueIdentifier>{b76c72c5-435c-4b93-8eab-a20befb8c658}</UniqueIdentifier>
    </Filter>
    <Filter Include="Source Files\components">
      <UniqueIdentifier>{06da19fb-c14d-40c2-9fc7-eb2be9770e83}</UniqueIdentifier>
    </Filter>
    <Filter Include="Source Files\components\gfx">
      <UniqueIdentifier>{bf25a27d-068b-4109-abb0-347cff7c2b63}</UniqueIdentifier>
    </Filter>
    <Filter Include="Source Files\components\runtime">
      <UniqueIdentifier>{d42d47fe-93aa-40dd-85a5-e7d8813c4218}</UniqueIdentifier>
    </Filter>
    <Filter Include="Header Files\components\handlealloc">
      <UniqueIdentifier>{298871e5-f3d5-4f84-a786-9a20dc6bf4ae}</UniqueIdentifier>
    </Filter>
    <Filter Include="Header Files\components\lru">
      <UniqueIdentifier>{f445fefe-0c72-4352-8b3b-c21e985c4e99}</UniqueIdentifier>
    </Filter>
    <Filter Include="Header Files\components\runtime">
      <UniqueIdentifier>{6be3ac13-da3b-4203-ab99-5a9af697b7d1}</UniqueIdentifier>
    </Filter>
    <Filter Include="Header Files\os\filesystem">
      <UniqueIdentifier>{90e91233-ec83-4aa3-973b-be27901f558d}</UniqueIdentifier>
    </Filter>
    <Filter Include="Header Files\drivers">
      <UniqueIdentifier>{0a93d3b4-8e34-4c92-ace5-80bc88b4be36}</UniqueIdentifier>
    </Filter>
    <Filter Include="Header Files\drivers\media">
      <UniqueIdentifier>{e4e9400b-f7f0-4876-9189-4fd0a4a78a18}</UniqueIdentifier>
    </Filter>
  </ItemGroup>
  <ItemGroup>
    <ClInclude Include="LCDBitmapCreator.h">
      <Filter>Header Files</Filter>
    </ClInclude>
    <ClInclude Include="LCDBitmapCreatorDlg.h">
      <Filter>Header Files</Filter>
    </ClInclude>
    <ClInclude Include="framework.h">
      <Filter>Header Files</Filter>
    </ClInclude>
    <ClInclude Include="targetver.h">
      <Filter>Header Files</Filter>
    </ClInclude>
    <ClInclude Include="Resource.h">
      <Filter>Header Files</Filter>
    </ClInclude>
    <ClInclude Include="pch.h">
      <Filter>Header Files</Filter>
    </ClInclude>
    <ClInclude Include="MultiSelectFileList.h">
      <Filter>Header Files</Filter>
    </ClInclude>
    <ClInclude Include="stdbool.h">
      <Filter>Header Files</Filter>
    </ClInclude>
    <ClInclude Include="stdint.h">
      <Filter>Header Files</Filter>
    </ClInclude>
    <ClInclude Include="groups.h">
      <Filter>Header Files</Filter>
    </ClInclude>
    <ClInclude Include="types.h">
      <Filter>Header Files</Filter>
    </ClInclude>
    <ClInclude Include="CBitmapCreatorProperties.h">
      <Filter>Header Files</Filter>
    </ClInclude>
    <ClInclude Include="os\filesystem\os_filesystem_errordefs.h">
      <Filter>Header Files\os\filesystem</Filter>
    </ClInclude>
    <ClInclude Include="os\filesystem\fsproj.h">
      <Filter>Header Files\os\filesystem</Filter>
    </ClInclude>
    <ClInclude Include="os\filesystem\fsapi.h">
      <Filter>Header Files\os\filesystem</Filter>
    </ClInclude>
    <ClInclude Include="os\filesystem\filesystem.h">
      <Filter>Header Files\os\filesystem</Filter>
    </ClInclude>
    <ClInclude Include="os\errordefs.h">
      <Filter>Header Files\os</Filter>
    </ClInclude>
    <ClInclude Include="os\os_errordefs.h">
      <Filter>Header Files\os</Filter>
    </ClInclude>
    <ClInclude Include="os\os_resource_api.h">
      <Filter>Header Files\os</Filter>
    </ClInclude>
    <ClInclude Include="os\os_subgroups.h">
      <Filter>Header Files\os</Filter>
    </ClInclude>
    <ClInclude Include="drivers\media\ddi_media.h">
      <Filter>Header Files\drivers\media</Filter>
    </ClInclude>
    <ClInclude Include="drivers\media\ddi_media_errordefs.h">
      <Filter>Header Files\drivers\media</Filter>
    </ClInclude>
    <ClInclude Include="drivers\media\drive_tags.h">
      <Filter>Header Files\drivers\media</Filter>
    </ClInclude>
    <ClInclude Include="drivers\ddi_errordefs.h">
      <Filter>Header Files\drivers</Filter>
    </ClInclude>
    <ClInclude Include="drivers\ddi_subgroups.h">
      <Filter>Header Files\drivers</Filter>
    </ClInclude>
    <ClInclude Include="components\middleware_errordefs.h">
      <Filter>Header Files\components</Filter>
    </ClInclude>
    <ClInclude Include="components\middleware_subgroups.h">
      <Filter>Header Files\components</Filter>
    </ClInclude>
    <ClInclude Include="components\gfx\gfx_internal.h">
      <Filter>Header Files\components\gfx</Filter>
    </ClInclude>
    <ClInclude Include="components\gfx\gfx.h">
      <Filter>Header Files\components\gfx</Filter>
    </ClInclude>
    <ClInclude Include="components\gfx\gfx_format.h">
      <Filter>Header Files\components\gfx</Filter>
    </ClInclude>
    <ClInclude Include="components\gfx\gfx_rsrcfont.h">
      <Filter>Header Files\components\gfx</Filter>
    </ClInclude>
    <ClInclude Include="components\runtime\runtime.h">
      <Filter>Header Files\components\runtime</Filter>
    </ClInclude>
    <ClInclude Include="components\lru\lru_errordefs.h">
      <Filter>Header Files\components\lru</Filter>
    </ClInclude>
    <ClInclude Include="components\lru\lru.h">
      <Filter>Header Files\components\lru</Filter>
    </ClInclude>
    <ClInclude Include="components\handlealloc\handlealloc.h">
      <Filter>Header Files\components\handlealloc</Filter>
    </ClInclude>
  </ItemGroup>
  <ItemGroup>
    <ClCompile Include="LCDBitmapCreator.cpp">
      <Filter>Source Files</Filter>
    </ClCompile>
    <ClCompile Include="LCDBitmapCreatorDlg.cpp">
      <Filter>Source Files</Filter>
    </ClCompile>
    <ClCompile Include="pch.cpp">
      <Filter>Source Files</Filter>
    </ClCompile>
    <ClCompile Include="stubs.c">
      <Filter>Source Files</Filter>
    </ClCompile>
    <ClCompile Include="CMyStatic.cpp">
      <Filter>Source Files</Filter>
    </ClCompile>
    <ClCompile Include="CBitmapCreatorProperties.cpp">
      <Filter>Source Files</Filter>
    </ClCompile>
    <ClCompile Include="components\gfx\gfx_1bpp_ideal.c">
      <Filter>Source Files\components\gfx</Filter>
    </ClCompile>
    <ClCompile Include="components\gfx\gfx_1bpp_vertical.c">
      <Filter>Source Files\components\gfx</Filter>
    </ClCompile>
    <ClCompile Include="components\gfx\gfx_8bpp_palette.c">
      <Filter>Source Files\components\gfx</Filter>
    </ClCompile>
    <ClCompile Include="components\gfx\gfx_16bpp_565.c">
      <Filter>Source Files\components\gfx</Filter>
    </ClCompile>
    <ClCompile Include="components\gfx\gfx_18bpp_666.c">
      <Filter>Source Files\components\gfx</Filter>
    </ClCompile>
    <ClCompile Include="components\gfx\gfx_24bpp_888.c">
      <Filter>Source Files\components\gfx</Filter>
    </ClCompile>
    <ClCompile Include="components\gfx\gfx_32bpp_8888.c">
      <Filter>Source Files\components\gfx</Filter>
    </ClCompile>
    <ClCompile Include="components\gfx\gfx_alphablend.c">
      <Filter>Source Files\components\gfx</Filter>
    </ClCompile>
    <ClCompile Include="components\gfx\gfx_bitblt.c">
      <Filter>Source Files\components\gfx</Filter>
    </ClCompile>
    <ClCompile Include="components\gfx\gfx_format.c">
      <Filter>Source Files\components\gfx</Filter>
    </ClCompile>
    <ClCompile Include="components\gfx\gfx_format_setup.c">
      <Filter>Source Files\components\gfx</Filter>
    </ClCompile>
    <ClCompile Include="components\gfx\gfx_primatives.c">
      <Filter>Source Files\components\gfx</Filter>
    </ClCompile>
    <ClCompile Include="components\gfx\gfx_stretchblt.c">
      <Filter>Source Files\components\gfx</Filter>
    </ClCompile>
    <ClCompile Include="components\runtime\rt_stubs.c">
      <Filter>Source Files\components\runtime</Filter>
    </ClCompile>
  </ItemGroup>
  <ItemGroup>
    <None Include="res\LCDBitmapCreator.rc2">
      <Filter>Resource Files</Filter>
    </None>
  </ItemGroup>
  <ItemGroup>
    <ResourceCompile Include="LCDBitmapCreator.rc">
      <Filter>Resource Files</Filter>
    </ResourceCompile>
  </ItemGroup>
  <ItemGroup>
    <Image Include="res\LCDBitmapCreator.ico">
      <Filter>Resource Files</Filter>
    </Image>
  </ItemGroup>
  <ItemGroup>
    <Manifest Include="res\LCDBitmapCreator.manifest" />
  </ItemGroup>
</Project>